
Microsoft Visual Studio Solution File, Format Version 12.00
# Visual Studio Version 17
VisualStudioVersion = 17.5.002.0
MinimumVisualStudioVersion = 10.0.40219.1
Project("{9A19103F-16F7-4668-BE54-9A1E7A4F7556}") = "BookMgmt", "BookMgmt.csproj", "{BE6232E3-375E-4CC5-AB12-382A629664E9}"
EndProject
Global
	GlobalSection(SolutionConfigurationPlatforms) = preSolution
		Debug|Any CPU = Debug|Any CPU
		Release|Any CPU = Release|Any CPU
	EndGlobalSection
	GlobalSection(ProjectConfigurationPlatforms) = postSolution
		{BE6232E3-375E-4CC5-AB12-382A629664E9}.Debug|Any CPU.ActiveCfg = Debug|Any CPU
		{BE6232E3-375E-4CC5-AB12-382A629664E9}.Debug|Any CPU.Build.0 = Debug|Any CPU
		{BE6232E3-375E-4CC5-AB12-382A629664E9}.Release|Any CPU.ActiveCfg = Release|Any CPU
		{BE6232E3-375E-4CC5-AB12-382A629664E9}.Release|Any CPU.Build.0 = Release|Any CPU
	EndGlobalSection
	GlobalSection(SolutionProperties) = preSolution
		HideSolutionNode = FALSE
	EndGlobalSection
	GlobalSection(ExtensibilityGlobals) = postSolution
		SolutionGuid = {C395CAB4-7E34-4B26-ABA0-1BAE84B7B80F}
	EndGlobalSection
EndGlobal
